
Microsoft Visual Studio Solution File, Format Version 12.00
# Visual Studio 2013
VisualStudioVersion = 12.0.30723.0
MinimumVisualStudioVersion = 10.0.40219.1
Project("{FAE04EC0-301F-11D3-BF4B-00C04F79EFBC}") = "MandrakeLib", "MandrakeLib\MandrakeLib.csproj", "{4EAA0C83-A033-4B72-B67A-0E22A7213711}"
EndProject
Project("{FAE04EC0-301F-11D3-BF4B-00C04F79EFBC}") = "MandrakeClient", "MandrakeClient\MandrakeClient.csproj", "{040C64E4-8E78-4F7D-8849-A502F96C7839}"
EndProject
Project("{FAE04EC0-301F-11D3-BF4B-00C04F79EFBC}") = "MandrakeService", "MandrakeService\MandrakeService.csproj", "{54A14872-8CD5-4811-B0E0-419FE5FA19FB}"
EndProject
Project("{FAE04EC0-301F-11D3-BF4B-00C04F79EFBC}") = "MandrakeHost", "MandrakeHost\MandrakeHost.csproj", "{C4BF88B0-3412-4DFB-BA0F-328F4557E7F5}"
EndProject
Project("{F2A71F9B-5D33-465A-A702-920D77279786}") = "MandrakeTransform", "MandrakeTransform\MandrakeTransform.fsproj", "{AC5CAA13-6B85-4DBC-A1BD-8618C073E103}"
EndProject
Project("{FAE04EC0-301F-11D3-BF4B-00C04F79EFBC}") = "MendrakeServiceStandalone", "MendrakeServiceStandalone\MendrakeServiceStandalone.csproj", "{9D169B88-3EBC-40FC-93E4-7F95986A9D30}"
EndProject
Global
	GlobalSection(SolutionConfigurationPlatforms) = preSolution
		Debug|Any CPU = Debug|Any CPU
		Release|Any CPU = Release|Any CPU
	EndGlobalSection
	GlobalSection(ProjectConfigurationPlatforms) = postSolution
		{4EAA0C83-A033-4B72-B67A-0E22A7213711}.Debug|Any CPU.ActiveCfg = Debug|Any CPU
		{4EAA0C83-A033-4B72-B67A-0E22A7213711}.Debug|Any CPU.Build.0 = Debug|Any CPU
		{4EAA0C83-A033-4B72-B67A-0E22A7213711}.Release|Any CPU.ActiveCfg = Release|Any CPU
		{4EAA0C83-A033-4B72-B67A-0E22A7213711}.Release|Any CPU.Build.0 = Release|Any CPU
		{040C64E4-8E78-4F7D-8849-A502F96C7839}.Debug|Any CPU.ActiveCfg = Debug|Any CPU
		{040C64E4-8E78-4F7D-8849-A502F96C7839}.Debug|Any CPU.Build.0 = Debug|Any CPU
		{040C64E4-8E78-4F7D-8849-A502F96C7839}.Release|Any CPU.ActiveCfg = Release|Any CPU
		{040C64E4-8E78-4F7D-8849-A502F96C7839}.Release|Any CPU.Build.0 = Release|Any CPU
		{54A14872-8CD5-4811-B0E0-419FE5FA19FB}.Debug|Any CPU.ActiveCfg = Debug|Any CPU
		{54A14872-8CD5-4811-B0E0-419FE5FA19FB}.Debug|Any CPU.Build.0 = Debug|Any CPU
		{54A14872-8CD5-4811-B0E0-419FE5FA19FB}.Release|Any CPU.ActiveCfg = Release|Any CPU
		{54A14872-8CD5-4811-B0E0-419FE5FA19FB}.Release|Any CPU.Build.0 = Release|Any CPU
		{C4BF88B0-3412-4DFB-BA0F-328F4557E7F5}.Debug|Any CPU.ActiveCfg = Debug|Any CPU
		{C4BF88B0-3412-4DFB-BA0F-328F4557E7F5}.Debug|Any CPU.Build.0 = Debug|Any CPU
		{C4BF88B0-3412-4DFB-BA0F-328F4557E7F5}.Release|Any CPU.ActiveCfg = Release|Any CPU
		{C4BF88B0-3412-4DFB-BA0F-328F4557E7F5}.Release|Any CPU.Build.0 = Release|Any CPU
		{AC5CAA13-6B85-4DBC-A1BD-8618C073E103}.Debug|Any CPU.ActiveCfg = Debug|Any CPU
		{AC5CAA13-6B85-4DBC-A1BD-8618C073E103}.Debug|Any CPU.Build.0 = Debug|Any CPU
		{AC5CAA13-6B85-4DBC-A1BD-8618C073E103}.Release|Any CPU.ActiveCfg = Release|Any CPU
		{AC5CAA13-6B85-4DBC-A1BD-8618C073E103}.Release|Any CPU.Build.0 = Release|Any CPU
		{9D169B88-3EBC-40FC-93E4-7F95986A9D30}.Debug|Any CPU.ActiveCfg = Debug|Any CPU
		{9D169B88-3EBC-40FC-93E4-7F95986A9D30}.Debug|Any CPU.Build.0 = Debug|Any CPU
		{9D169B88-3EBC-40FC-93E4-7F95986A9D30}.Release|Any CPU.ActiveCfg = Release|Any CPU
		{9D169B88-3EBC-40FC-93E4-7F95986A9D30}.Release|Any CPU.Build.0 = Release|Any CPU
	EndGlobalSection
	GlobalSection(SolutionProperties) = preSolution
		HideSolutionNode = FALSE
	EndGlobalSection
EndGlobal
