
Microsoft Visual Studio Solution File, Format Version 12.00
# Visual Studio 2013
VisualStudioVersion = 12.0.31101.0
MinimumVisualStudioVersion = 10.0.40219.1
Project("{FAE04EC0-301F-11D3-BF4B-00C04F79EFBC}") = "MandrakeLib", "MandrakeLib\MandrakeLib.csproj", "{4EAA0C83-A033-4B72-B67A-0E22A7213711}"
EndProject
Project("{FAE04EC0-301F-11D3-BF4B-00C04F79EFBC}") = "MandrakeClient", "MandrakeClient\MandrakeClient.csproj", "{040C64E4-8E78-4F7D-8849-A502F96C7839}"
EndProject
Project("{FAE04EC0-301F-11D3-BF4B-00C04F79EFBC}") = "MandrakeService", "MandrakeService\MandrakeService.csproj", "{54A14872-8CD5-4811-B0E0-419FE5FA19FB}"
EndProject
Project("{FAE04EC0-301F-11D3-BF4B-00C04F79EFBC}") = "MandrakeHost", "MandrakeHost\MandrakeHost.csproj", "{C4BF88B0-3412-4DFB-BA0F-328F4557E7F5}"
EndProject
Project("{F2A71F9B-5D33-465A-A702-920D77279786}") = "MandrakeTransform", "MandrakeTransform\MandrakeTransform.fsproj", "{AC5CAA13-6B85-4DBC-A1BD-8618C073E103}"
EndProject
Project("{FAE04EC0-301F-11D3-BF4B-00C04F79EFBC}") = "MandrakeServiceStandalone", "MendrakeServiceStandalone\MandrakeServiceStandalone.csproj", "{9D169B88-3EBC-40FC-93E4-7F95986A9D30}"
	ProjectSection(ProjectDependencies) = postProject
		{54A14872-8CD5-4811-B0E0-419FE5FA19FB} = {54A14872-8CD5-4811-B0E0-419FE5FA19FB}
	EndProjectSection
EndProject
Project("{FAE04EC0-301F-11D3-BF4B-00C04F79EFBC}") = "MandrakeAppLib", "MandrakeAppLib\MandrakeAppLib.csproj", "{D7A90BF8-2A6E-441C-982F-59CD14EBD2A4}"
EndProject
Project("{FAE04EC0-301F-11D3-BF4B-00C04F79EFBC}") = "MandrakeClientBase", "MandrakeClientBase\MandrakeClientBase.csproj", "{93DACC06-B320-4C33-90DF-D4CB127CD9CD}"
EndProject
Project("{FAE04EC0-301F-11D3-BF4B-00C04F79EFBC}") = "MandrakeClientStandalone", "MandrakeClientStandalone\MandrakeClientStandalone.csproj", "{1F44390E-CC05-46C3-B829-7992AC3DE837}"
EndProject
Project("{2150E333-8FDC-42A3-9474-1A3956D46DE8}") = "Assets", "Assets", "{B5B0DCBD-2DE1-4679-A37A-6AC52A315784}"
EndProject
Project("{2150E333-8FDC-42A3-9474-1A3956D46DE8}") = "Framework", "Framework", "{D08DF813-EFA9-40D6-8794-8B4452D851AF}"
EndProject
Project("{2150E333-8FDC-42A3-9474-1A3956D46DE8}") = "Samples", "Samples", "{8FCAA56D-939A-447C-AEEF-A705413D6A67}"
EndProject
Project("{2150E333-8FDC-42A3-9474-1A3956D46DE8}") = "TextEditor", "TextEditor", "{081D4937-DDDF-400B-995B-01B5BC45B0B5}"
EndProject
Project("{FAE04EC0-301F-11D3-BF4B-00C04F79EFBC}") = "ServiceModelEx", "ServiceModelEx\ServiceModelEx.csproj", "{0858C710-AF53-4049-B98E-CFE3638D1228}"
EndProject
Global
	GlobalSection(SolutionConfigurationPlatforms) = preSolution
		Debug|Any CPU = Debug|Any CPU
		Design|Any CPU = Design|Any CPU
		Release|Any CPU = Release|Any CPU
	EndGlobalSection
	GlobalSection(ProjectConfigurationPlatforms) = postSolution
		{4EAA0C83-A033-4B72-B67A-0E22A7213711}.Debug|Any CPU.ActiveCfg = Debug|Any CPU
		{4EAA0C83-A033-4B72-B67A-0E22A7213711}.Debug|Any CPU.Build.0 = Debug|Any CPU
		{4EAA0C83-A033-4B72-B67A-0E22A7213711}.Design|Any CPU.ActiveCfg = Debug|Any CPU
		{4EAA0C83-A033-4B72-B67A-0E22A7213711}.Design|Any CPU.Build.0 = Debug|Any CPU
		{4EAA0C83-A033-4B72-B67A-0E22A7213711}.Release|Any CPU.ActiveCfg = Release|Any CPU
		{4EAA0C83-A033-4B72-B67A-0E22A7213711}.Release|Any CPU.Build.0 = Release|Any CPU
		{040C64E4-8E78-4F7D-8849-A502F96C7839}.Debug|Any CPU.ActiveCfg = Debug|Any CPU
		{040C64E4-8E78-4F7D-8849-A502F96C7839}.Debug|Any CPU.Build.0 = Debug|Any CPU
		{040C64E4-8E78-4F7D-8849-A502F96C7839}.Design|Any CPU.ActiveCfg = Debug|Any CPU
		{040C64E4-8E78-4F7D-8849-A502F96C7839}.Design|Any CPU.Build.0 = Debug|Any CPU
		{040C64E4-8E78-4F7D-8849-A502F96C7839}.Release|Any CPU.ActiveCfg = Release|Any CPU
		{040C64E4-8E78-4F7D-8849-A502F96C7839}.Release|Any CPU.Build.0 = Release|Any CPU
		{54A14872-8CD5-4811-B0E0-419FE5FA19FB}.Debug|Any CPU.ActiveCfg = Debug|Any CPU
		{54A14872-8CD5-4811-B0E0-419FE5FA19FB}.Debug|Any CPU.Build.0 = Debug|Any CPU
		{54A14872-8CD5-4811-B0E0-419FE5FA19FB}.Design|Any CPU.ActiveCfg = Debug|Any CPU
		{54A14872-8CD5-4811-B0E0-419FE5FA19FB}.Design|Any CPU.Build.0 = Debug|Any CPU
		{54A14872-8CD5-4811-B0E0-419FE5FA19FB}.Release|Any CPU.ActiveCfg = Release|Any CPU
		{54A14872-8CD5-4811-B0E0-419FE5FA19FB}.Release|Any CPU.Build.0 = Release|Any CPU
		{C4BF88B0-3412-4DFB-BA0F-328F4557E7F5}.Debug|Any CPU.ActiveCfg = Debug|Any CPU
		{C4BF88B0-3412-4DFB-BA0F-328F4557E7F5}.Debug|Any CPU.Build.0 = Debug|Any CPU
		{C4BF88B0-3412-4DFB-BA0F-328F4557E7F5}.Design|Any CPU.ActiveCfg = Debug|Any CPU
		{C4BF88B0-3412-4DFB-BA0F-328F4557E7F5}.Design|Any CPU.Build.0 = Debug|Any CPU
		{C4BF88B0-3412-4DFB-BA0F-328F4557E7F5}.Release|Any CPU.ActiveCfg = Release|Any CPU
		{C4BF88B0-3412-4DFB-BA0F-328F4557E7F5}.Release|Any CPU.Build.0 = Release|Any CPU
		{AC5CAA13-6B85-4DBC-A1BD-8618C073E103}.Debug|Any CPU.ActiveCfg = Debug|Any CPU
		{AC5CAA13-6B85-4DBC-A1BD-8618C073E103}.Debug|Any CPU.Build.0 = Debug|Any CPU
		{AC5CAA13-6B85-4DBC-A1BD-8618C073E103}.Design|Any CPU.ActiveCfg = Debug|Any CPU
		{AC5CAA13-6B85-4DBC-A1BD-8618C073E103}.Design|Any CPU.Build.0 = Debug|Any CPU
		{AC5CAA13-6B85-4DBC-A1BD-8618C073E103}.Release|Any CPU.ActiveCfg = Release|Any CPU
		{AC5CAA13-6B85-4DBC-A1BD-8618C073E103}.Release|Any CPU.Build.0 = Release|Any CPU
		{9D169B88-3EBC-40FC-93E4-7F95986A9D30}.Debug|Any CPU.ActiveCfg = Debug|Any CPU
		{9D169B88-3EBC-40FC-93E4-7F95986A9D30}.Debug|Any CPU.Build.0 = Debug|Any CPU
		{9D169B88-3EBC-40FC-93E4-7F95986A9D30}.Design|Any CPU.ActiveCfg = Debug|Any CPU
		{9D169B88-3EBC-40FC-93E4-7F95986A9D30}.Design|Any CPU.Build.0 = Debug|Any CPU
		{9D169B88-3EBC-40FC-93E4-7F95986A9D30}.Release|Any CPU.ActiveCfg = Release|Any CPU
		{9D169B88-3EBC-40FC-93E4-7F95986A9D30}.Release|Any CPU.Build.0 = Release|Any CPU
		{D7A90BF8-2A6E-441C-982F-59CD14EBD2A4}.Debug|Any CPU.ActiveCfg = Debug|Any CPU
		{D7A90BF8-2A6E-441C-982F-59CD14EBD2A4}.Debug|Any CPU.Build.0 = Debug|Any CPU
		{D7A90BF8-2A6E-441C-982F-59CD14EBD2A4}.Design|Any CPU.ActiveCfg = Debug|Any CPU
		{D7A90BF8-2A6E-441C-982F-59CD14EBD2A4}.Design|Any CPU.Build.0 = Debug|Any CPU
		{D7A90BF8-2A6E-441C-982F-59CD14EBD2A4}.Release|Any CPU.ActiveCfg = Release|Any CPU
		{D7A90BF8-2A6E-441C-982F-59CD14EBD2A4}.Release|Any CPU.Build.0 = Release|Any CPU
		{93DACC06-B320-4C33-90DF-D4CB127CD9CD}.Debug|Any CPU.ActiveCfg = Debug|Any CPU
		{93DACC06-B320-4C33-90DF-D4CB127CD9CD}.Debug|Any CPU.Build.0 = Debug|Any CPU
		{93DACC06-B320-4C33-90DF-D4CB127CD9CD}.Design|Any CPU.ActiveCfg = Debug|Any CPU
		{93DACC06-B320-4C33-90DF-D4CB127CD9CD}.Design|Any CPU.Build.0 = Debug|Any CPU
		{93DACC06-B320-4C33-90DF-D4CB127CD9CD}.Release|Any CPU.ActiveCfg = Release|Any CPU
		{93DACC06-B320-4C33-90DF-D4CB127CD9CD}.Release|Any CPU.Build.0 = Release|Any CPU
		{1F44390E-CC05-46C3-B829-7992AC3DE837}.Debug|Any CPU.ActiveCfg = Debug|Any CPU
		{1F44390E-CC05-46C3-B829-7992AC3DE837}.Debug|Any CPU.Build.0 = Debug|Any CPU
		{1F44390E-CC05-46C3-B829-7992AC3DE837}.Design|Any CPU.ActiveCfg = Debug|Any CPU
		{1F44390E-CC05-46C3-B829-7992AC3DE837}.Design|Any CPU.Build.0 = Debug|Any CPU
		{1F44390E-CC05-46C3-B829-7992AC3DE837}.Release|Any CPU.ActiveCfg = Release|Any CPU
		{1F44390E-CC05-46C3-B829-7992AC3DE837}.Release|Any CPU.Build.0 = Release|Any CPU
		{0858C710-AF53-4049-B98E-CFE3638D1228}.Debug|Any CPU.ActiveCfg = Debug|Any CPU
		{0858C710-AF53-4049-B98E-CFE3638D1228}.Debug|Any CPU.Build.0 = Debug|Any CPU
		{0858C710-AF53-4049-B98E-CFE3638D1228}.Design|Any CPU.ActiveCfg = Design|Any CPU
		{0858C710-AF53-4049-B98E-CFE3638D1228}.Design|Any CPU.Build.0 = Design|Any CPU
		{0858C710-AF53-4049-B98E-CFE3638D1228}.Release|Any CPU.ActiveCfg = Release|Any CPU
		{0858C710-AF53-4049-B98E-CFE3638D1228}.Release|Any CPU.Build.0 = Release|Any CPU
	EndGlobalSection
	GlobalSection(SolutionProperties) = preSolution
		HideSolutionNode = FALSE
	EndGlobalSection
	GlobalSection(NestedProjects) = preSolution
		{4EAA0C83-A033-4B72-B67A-0E22A7213711} = {D08DF813-EFA9-40D6-8794-8B4452D851AF}
		{040C64E4-8E78-4F7D-8849-A502F96C7839} = {081D4937-DDDF-400B-995B-01B5BC45B0B5}
		{54A14872-8CD5-4811-B0E0-419FE5FA19FB} = {D08DF813-EFA9-40D6-8794-8B4452D851AF}
		{C4BF88B0-3412-4DFB-BA0F-328F4557E7F5} = {081D4937-DDDF-400B-995B-01B5BC45B0B5}
		{AC5CAA13-6B85-4DBC-A1BD-8618C073E103} = {081D4937-DDDF-400B-995B-01B5BC45B0B5}
		{9D169B88-3EBC-40FC-93E4-7F95986A9D30} = {081D4937-DDDF-400B-995B-01B5BC45B0B5}
		{D7A90BF8-2A6E-441C-982F-59CD14EBD2A4} = {081D4937-DDDF-400B-995B-01B5BC45B0B5}
		{93DACC06-B320-4C33-90DF-D4CB127CD9CD} = {D08DF813-EFA9-40D6-8794-8B4452D851AF}
		{1F44390E-CC05-46C3-B829-7992AC3DE837} = {081D4937-DDDF-400B-995B-01B5BC45B0B5}
		{081D4937-DDDF-400B-995B-01B5BC45B0B5} = {8FCAA56D-939A-447C-AEEF-A705413D6A67}
		{0858C710-AF53-4049-B98E-CFE3638D1228} = {B5B0DCBD-2DE1-4679-A37A-6AC52A315784}
	EndGlobalSection
EndGlobal
